
Microsoft Visual Studio Solution File, Format Version 12.00
# Visual Studio Version 17
VisualStudioVersion = 17.14.36915.13 d17.14
MinimumVisualStudioVersion = 10.0.40219.1
Project("{FAE04EC0-301F-11D3-BF4B-00C04F79EFBC}") = "Task1", "Task1\Task1.csproj", "{2513A891-DBE9-432C-BD30-FF04DA9CEDF8}"
EndProject
Project("{FAE04EC0-301F-11D3-BF4B-00C04F79EFBC}") = "Task2", "Task2\Task2.csproj", "{B75AB4F0-F617-4A52-AF47-250C4D932547}"
EndProject
Project("{FAE04EC0-301F-11D3-BF4B-00C04F79EFBC}") = "Task3", "Task3\Task3.csproj", "{DE9166D5-BB7B-4297-B19F-989AF1978B74}"
EndProject
Global
	GlobalSection(SolutionConfigurationPlatforms) = preSolution
		Debug|Any CPU = Debug|Any CPU
		Release|Any CPU = Release|Any CPU
	EndGlobalSection
	GlobalSection(ProjectConfigurationPlatforms) = postSolution
		{2513A891-DBE9-432C-BD30-FF04DA9CEDF8}.Debug|Any CPU.ActiveCfg = Debug|Any CPU
		{2513A891-DBE9-432C-BD30-FF04DA9CEDF8}.Debug|Any CPU.Build.0 = Debug|Any CPU
		{2513A891-DBE9-432C-BD30-FF04DA9CEDF8}.Release|Any CPU.ActiveCfg = Release|Any CPU
		{2513A891-DBE9-432C-BD30-FF04DA9CEDF8}.Release|Any CPU.Build.0 = Release|Any CPU
		{B75AB4F0-F617-4A52-AF47-250C4D932547}.Debug|Any CPU.ActiveCfg = Debug|Any CPU
		{B75AB4F0-F617-4A52-AF47-250C4D932547}.Debug|Any CPU.Build.0 = Debug|Any CPU
		{B75AB4F0-F617-4A52-AF47-250C4D932547}.Release|Any CPU.ActiveCfg = Release|Any CPU
		{B75AB4F0-F617-4A52-AF47-250C4D932547}.Release|Any CPU.Build.0 = Release|Any CPU
		{DE9166D5-BB7B-4297-B19F-989AF1978B74}.Debug|Any CPU.ActiveCfg = Debug|Any CPU
		{DE9166D5-BB7B-4297-B19F-989AF1978B74}.Debug|Any CPU.Build.0 = Debug|Any CPU
		{DE9166D5-BB7B-4297-B19F-989AF1978B74}.Release|Any CPU.ActiveCfg = Release|Any CPU
		{DE9166D5-BB7B-4297-B19F-989AF1978B74}.Release|Any CPU.Build.0 = Release|Any CPU
	EndGlobalSection
	GlobalSection(SolutionProperties) = preSolution
		HideSolutionNode = FALSE
	EndGlobalSection
	GlobalSection(ExtensibilityGlobals) = postSolution
		SolutionGuid = {A01206B6-B088-49A5-B69C-7D4DDF63939E}
	EndGlobalSection
EndGlobal
